// !$*UTF8*$!
{
	archiveVersion = 1;
	classes = {
	};
	objectVersion = 46;
	objects = {

/* Begin PBXBuildFile section */
		C7CCC40E1CD701A5005FA5FF /* main.m in Sources */ = {isa = PBXBuildFile; fileRef = C7CCC40D1CD701A5005FA5FF /* main.m */; };
		C7CCC4111CD701A5005FA5FF /* AppDelegate.m in Sources */ = {isa = PBXBuildFile; fileRef = C7CCC4101CD701A5005FA5FF /* AppDelegate.m */; };
		C7CCC4141CD701A5005FA5FF /* ViewController.m in Sources */ = {isa = PBXBuildFile; fileRef = C7CCC4131CD701A5005FA5FF /* ViewController.m */; };
		C7CCC4171CD701A5005FA5FF /* Main.storyboard in Resources */ = {isa = PBXBuildFile; fileRef = C7CCC4151CD701A5005FA5FF /* Main.storyboard */; };
		C7CCC41A1CD701A5005FA5FF /* BubblePop.xcdatamodeld in Sources */ = {isa = PBXBuildFile; fileRef = C7CCC4181CD701A5005FA5FF /* BubblePop.xcdatamodeld */; };
		C7CCC41C1CD701A5005FA5FF /* Assets.xcassets in Resources */ = {isa = PBXBuildFile; fileRef = C7CCC41B1CD701A5005FA5FF /* Assets.xcassets */; };
		C7CCC41F1CD701A5005FA5FF /* LaunchScreen.storyboard in Resources */ = {isa = PBXBuildFile; fileRef = C7CCC41D1CD701A5005FA5FF /* LaunchScreen.storyboard */; };
		C7CCC42A1CD701A6005FA5FF /* BubblePopTests.m in Sources */ = {isa = PBXBuildFile; fileRef = C7CCC4291CD701A6005FA5FF /* BubblePopTests.m */; };
		C7CCC4351CD701A6005FA5FF /* BubblePopUITests.m in Sources */ = {isa = PBXBuildFile; fileRef = C7CCC4341CD701A6005FA5FF /* BubblePopUITests.m */; };
		C7CCC4441CD70265005FA5FF /* Bubble.m in Sources */ = {isa = PBXBuildFile; fileRef = C7CCC4431CD70265005FA5FF /* Bubble.m */; };
		C7CCC4471CD704F7005FA5FF /* Player.m in Sources */ = {isa = PBXBuildFile; fileRef = C7CCC4461CD704F7005FA5FF /* Player.m */; };
		C7CCC44A1CD70873005FA5FF /* Game.m in Sources */ = {isa = PBXBuildFile; fileRef = C7CCC4491CD70873005FA5FF /* Game.m */; };
/* End PBXBuildFile section */

/* Begin PBXContainerItemProxy section */
		C7CCC4261CD701A6005FA5FF /* PBXContainerItemProxy */ = {
			isa = PBXContainerItemProxy;
			containerPortal = C7CCC4011CD701A5005FA5FF /* Project object */;
			proxyType = 1;
			remoteGlobalIDString = C7CCC4081CD701A5005FA5FF;
			remoteInfo = BubblePop;
		};
		C7CCC4311CD701A6005FA5FF /* PBXContainerItemProxy */ = {
			isa = PBXContainerItemProxy;
			containerPortal = C7CCC4011CD701A5005FA5FF /* Project object */;
			proxyType = 1;
			remoteGlobalIDString = C7CCC4081CD701A5005FA5FF;
			remoteInfo = BubblePop;
		};
/* End PBXContainerItemProxy section */

/* Begin PBXFileReference section */
		C7CCC4091CD701A5005FA5FF /* BubblePop.app */ = {isa = PBXFileReference; explicitFileType = wrapper.application; includeInIndex = 0; path = BubblePop.app; sourceTree = BUILT_PRODUCTS_DIR; };
		C7CCC40D1CD701A5005FA5FF /* main.m */ = {isa = PBXFileReference; lastKnownFileType = sourcecode.c.objc; path = main.m; sourceTree = "<group>"; };
		C7CCC40F1CD701A5005FA5FF /* AppDelegate.h */ = {isa = PBXFileReference; lastKnownFileType = sourcecode.c.h; path = AppDelegate.h; sourceTree = "<group>"; };
		C7CCC4101CD701A5005FA5FF /* AppDelegate.m */ = {isa = PBXFileReference; lastKnownFileType = sourcecode.c.objc; path = AppDelegate.m; sourceTree = "<group>"; };
		C7CCC4121CD701A5005FA5FF /* ViewController.h */ = {isa = PBXFileReference; lastKnownFileType = sourcecode.c.h; path = ViewController.h; sourceTree = "<group>"; };
		C7CCC4131CD701A5005FA5FF /* ViewController.m */ = {isa = PBXFileReference; lastKnownFileType = sourcecode.c.objc; path = ViewController.m; sourceTree = "<group>"; };
		C7CCC4161CD701A5005FA5FF /* Base */ = {isa = PBXFileReference; lastKnownFileType = file.storyboard; name = Base; path = Base.lproj/Main.storyboard; sourceTree = "<group>"; };
		C7CCC4191CD701A5005FA5FF /* BubblePop.xcdatamodel */ = {isa = PBXFileReference; lastKnownFileType = wrapper.xcdatamodel; path = BubblePop.xcdatamodel; sourceTree = "<group>"; };
		C7CCC41B1CD701A5005FA5FF /* Assets.xcassets */ = {isa = PBXFileReference; lastKnownFileType = folder.assetcatalog; path = Assets.xcassets; sourceTree = "<group>"; };
		C7CCC41E1CD701A5005FA5FF /* Base */ = {isa = PBXFileReference; lastKnownFileType = file.storyboard; name = Base; path = Base.lproj/LaunchScreen.storyboard; sourceTree = "<group>"; };
		C7CCC4201CD701A5005FA5FF /* Info.plist */ = {isa = PBXFileReference; lastKnownFileType = text.plist.xml; path = Info.plist; sourceTree = "<group>"; };
		C7CCC4251CD701A6005FA5FF /* BubblePopTests.xctest */ = {isa = PBXFileReference; explicitFileType = wrapper.cfbundle; includeInIndex = 0; path = BubblePopTests.xctest; sourceTree = BUILT_PRODUCTS_DIR; };
		C7CCC4291CD701A6005FA5FF /* BubblePopTests.m */ = {isa = PBXFileReference; lastKnownFileType = sourcecode.c.objc; path = BubblePopTests.m; sourceTree = "<group>"; };
		C7CCC42B1CD701A6005FA5FF /* Info.plist */ = {isa = PBXFileReference; lastKnownFileType = text.plist.xml; path = Info.plist; sourceTree = "<group>"; };
		C7CCC4301CD701A6005FA5FF /* BubblePopUITests.xctest */ = {isa = PBXFileReference; explicitFileType = wrapper.cfbundle; includeInIndex = 0; path = BubblePopUITests.xctest; sourceTree = BUILT_PRODUCTS_DIR; };
		C7CCC4341CD701A6005FA5FF /* BubblePopUITests.m */ = {isa = PBXFileReference; lastKnownFileType = sourcecode.c.objc; path = BubblePopUITests.m; sourceTree = "<group>"; };
		C7CCC4361CD701A6005FA5FF /* Info.plist */ = {isa = PBXFileReference; lastKnownFileType = text.plist.xml; path = Info.plist; sourceTree = "<group>"; };
		C7CCC4421CD70265005FA5FF /* Bubble.h */ = {isa = PBXFileReference; fileEncoding = 4; lastKnownFileType = sourcecode.c.h; path = Bubble.h; sourceTree = "<group>"; };
		C7CCC4431CD70265005FA5FF /* Bubble.m */ = {isa = PBXFileReference; fileEncoding = 4; lastKnownFileType = sourcecode.c.objc; path = Bubble.m; sourceTree = "<group>"; };
		C7CCC4451CD704F7005FA5FF /* Player.h */ = {isa = PBXFileReference; fileEncoding = 4; lastKnownFileType = sourcecode.c.h; path = Player.h; sourceTree = "<group>"; };
		C7CCC4461CD704F7005FA5FF /* Player.m */ = {isa = PBXFileReference; fileEncoding = 4; lastKnownFileType = sourcecode.c.objc; path = Player.m; sourceTree = "<group>"; };
		C7CCC4481CD70873005FA5FF /* Game.h */ = {isa = PBXFileReference; fileEncoding = 4; lastKnownFileType = sourcecode.c.h; path = Game.h; sourceTree = "<group>"; };
		C7CCC4491CD70873005FA5FF /* Game.m */ = {isa = PBXFileReference; fileEncoding = 4; lastKnownFileType = sourcecode.c.objc; path = Game.m; sourceTree = "<group>"; };
		C7CCC44B1CD7A680005FA5FF /* constant.h */ = {isa = PBXFileReference; lastKnownFileType = sourcecode.c.h; path = constant.h; sourceTree = "<group>"; };
/* End PBXFileReference section */

/* Begin PBXFrameworksBuildPhase section */
		C7CCC4061CD701A5005FA5FF /* Frameworks */ = {
			isa = PBXFrameworksBuildPhase;
			buildActionMask = 2147483647;
			files = (
			);
			runOnlyForDeploymentPostprocessing = 0;
		};
		C7CCC4221CD701A6005FA5FF /* Frameworks */ = {
			isa = PBXFrameworksBuildPhase;
			buildActionMask = 2147483647;
			files = (
			);
			runOnlyForDeploymentPostprocessing = 0;
		};
		C7CCC42D1CD701A6005FA5FF /* Frameworks */ = {
			isa = PBXFrameworksBuildPhase;
			buildActionMask = 2147483647;
			files = (
			);
			runOnlyForDeploymentPostprocessing = 0;
		};
/* End PBXFrameworksBuildPhase section */

/* Begin PBXGroup section */
		C7CCC4001CD701A5005FA5FF = {
			isa = PBXGroup;
			children = (
				C7CCC40B1CD701A5005FA5FF /* BubblePop */,
				C7CCC4281CD701A6005FA5FF /* BubblePopTests */,
				C7CCC4331CD701A6005FA5FF /* BubblePopUITests */,
				C7CCC40A1CD701A5005FA5FF /* Products */,
			);
			sourceTree = "<group>";
		};
		C7CCC40A1CD701A5005FA5FF /* Products */ = {
			isa = PBXGroup;
			children = (
				C7CCC4091CD701A5005FA5FF /* BubblePop.app */,
				C7CCC4251CD701A6005FA5FF /* BubblePopTests.xctest */,
				C7CCC4301CD701A6005FA5FF /* BubblePopUITests.xctest */,
			);
			name = Products;
			sourceTree = "<group>";
		};
		C7CCC40B1CD701A5005FA5FF /* BubblePop */ = {
			isa = PBXGroup;
			children = (
				C7CCC44C1CD814A9005FA5FF /* Model */,
				C7CCC40F1CD701A5005FA5FF /* AppDelegate.h */,
				C7CCC4101CD701A5005FA5FF /* AppDelegate.m */,
				C7CCC4121CD701A5005FA5FF /* ViewController.h */,
				C7CCC4131CD701A5005FA5FF /* ViewController.m */,
				C7CCC4151CD701A5005FA5FF /* Main.storyboard */,
				C7CCC41B1CD701A5005FA5FF /* Assets.xcassets */,
				C7CCC41D1CD701A5005FA5FF /* LaunchScreen.storyboard */,
				C7CCC4201CD701A5005FA5FF /* Info.plist */,
				C7CCC4181CD701A5005FA5FF /* BubblePop.xcdatamodeld */,
				C7CCC40C1CD701A5005FA5FF /* Supporting Files */,
				C7CCC4421CD70265005FA5FF /* Bubble.h */,
				C7CCC4431CD70265005FA5FF /* Bubble.m */,
				C7CCC4451CD704F7005FA5FF /* Player.h */,
				C7CCC4461CD704F7005FA5FF /* Player.m */,
				C7CCC4481CD70873005FA5FF /* Game.h */,
				C7CCC4491CD70873005FA5FF /* Game.m */,
				C7CCC44B1CD7A680005FA5FF /* constant.h */,
			);
			path = BubblePop;
			sourceTree = "<group>";
		};
		C7CCC40C1CD701A5005FA5FF /* Supporting Files */ = {
			isa = PBXGroup;
			children = (
				C7CCC40D1CD701A5005FA5FF /* main.m */,
			);
			name = "Supporting Files";
			sourceTree = "<group>";
		};
		C7CCC4281CD701A6005FA5FF /* BubblePopTests */ = {
			isa = PBXGroup;
			children = (
				C7CCC4291CD701A6005FA5FF /* BubblePopTests.m */,
				C7CCC42B1CD701A6005FA5FF /* Info.plist */,
			);
			path = BubblePopTests;
			sourceTree = "<group>";
		};
		C7CCC4331CD701A6005FA5FF /* BubblePopUITests */ = {
			isa = PBXGroup;
			children = (
				C7CCC4341CD701A6005FA5FF /* BubblePopUITests.m */,
				C7CCC4361CD701A6005FA5FF /* Info.plist */,
			);
			path = BubblePopUITests;
			sourceTree = "<group>";
		};
		C7CCC44C1CD814A9005FA5FF /* Model */ = {
			isa = PBXGroup;
			children = (
			);
			name = Model;
			sourceTree = "<group>";
		};
/* End PBXGroup section */

/* Begin PBXNativeTarget section */
		C7CCC4081CD701A5005FA5FF /* BubblePop */ = {
			isa = PBXNativeTarget;
			buildConfigurationList = C7CCC4391CD701A6005FA5FF /* Build configuration list for PBXNativeTarget "BubblePop" */;
			buildPhases = (
				C7CCC4051CD701A5005FA5FF /* Sources */,
				C7CCC4061CD701A5005FA5FF /* Frameworks */,
				C7CCC4071CD701A5005FA5FF /* Resources */,
			);
			buildRules = (
			);
			dependencies = (
			);
			name = BubblePop;
			productName = BubblePop;
			productReference = C7CCC4091CD701A5005FA5FF /* BubblePop.app */;
			productType = "com.apple.product-type.application";
		};
		C7CCC4241CD701A6005FA5FF /* BubblePopTests */ = {
			isa = PBXNativeTarget;
			buildConfigurationList = C7CCC43C1CD701A6005FA5FF /* Build configuration list for PBXNativeTarget "BubblePopTests" */;
			buildPhases = (
				C7CCC4211CD701A6005FA5FF /* Sources */,
				C7CCC4221CD701A6005FA5FF /* Frameworks */,
				C7CCC4231CD701A6005FA5FF /* Resources */,
			);
			buildRules = (
			);
			dependencies = (
				C7CCC4271CD701A6005FA5FF /* PBXTargetDependency */,
			);
			name = BubblePopTests;
			productName = BubblePopTests;
			productReference = C7CCC4251CD701A6005FA5FF /* BubblePopTests.xctest */;
			productType = "com.apple.product-type.bundle.unit-test";
		};
		C7CCC42F1CD701A6005FA5FF /* BubblePopUITests */ = {
			isa = PBXNativeTarget;
			buildConfigurationList = C7CCC43F1CD701A6005FA5FF /* Build configuration list for PBXNativeTarget "BubblePopUITests" */;
			buildPhases = (
				C7CCC42C1CD701A6005FA5FF /* Sources */,
				C7CCC42D1CD701A6005FA5FF /* Frameworks */,
				C7CCC42E1CD701A6005FA5FF /* Resources */,
			);
			buildRules = (
			);
			dependencies = (
				C7CCC4321CD701A6005FA5FF /* PBXTargetDependency */,
			);
			name = BubblePopUITests;
			productName = BubblePopUITests;
			productReference = C7CCC4301CD701A6005FA5FF /* BubblePopUITests.xctest */;
			productType = "com.apple.product-type.bundle.ui-testing";
		};
/* End PBXNativeTarget section */

/* Begin PBXProject section */
		C7CCC4011CD701A5005FA5FF /* Project object */ = {
			isa = PBXProject;
			attributes = {
				LastUpgradeCheck = 0730;
				ORGANIZATIONNAME = "Huy Cat Hoang";
				TargetAttributes = {
					C7CCC4081CD701A5005FA5FF = {
						CreatedOnToolsVersion = 7.3;
						DevelopmentTeam = 93DS2QR2XJ;
					};
					C7CCC4241CD701A6005FA5FF = {
						CreatedOnToolsVersion = 7.3;
						DevelopmentTeam = 93DS2QR2XJ;
						TestTargetID = C7CCC4081CD701A5005FA5FF;
					};
					C7CCC42F1CD701A6005FA5FF = {
						CreatedOnToolsVersion = 7.3;
						DevelopmentTeam = 93DS2QR2XJ;
						TestTargetID = C7CCC4081CD701A5005FA5FF;
					};
				};
			};
			buildConfigurationList = C7CCC4041CD701A5005FA5FF /* Build configuration list for PBXProject "BubblePop" */;
			compatibilityVersion = "Xcode 3.2";
			developmentRegion = English;
			hasScannedForEncodings = 0;
			knownRegions = (
				en,
				Base,
			);
			mainGroup = C7CCC4001CD701A5005FA5FF;
			productRefGroup = C7CCC40A1CD701A5005FA5FF /* Products */;
			projectDirPath = "";
			projectRoot = "";
			targets = (
				C7CCC4081CD701A5005FA5FF /* BubblePop */,
				C7CCC4241CD701A6005FA5FF /* BubblePopTests */,
				C7CCC42F1CD701A6005FA5FF /* BubblePopUITests */,
			);
		};
/* End PBXProject section */

/* Begin PBXResourcesBuildPhase section */
		C7CCC4071CD701A5005FA5FF /* Resources */ = {
			isa = PBXResourcesBuildPhase;
			buildActionMask = 2147483647;
			files = (
				C7CCC41F1CD701A5005FA5FF /* LaunchScreen.storyboard in Resources */,
				C7CCC41C1CD701A5005FA5FF /* Assets.xcassets in Resources */,
				C7CCC4171CD701A5005FA5FF /* Main.storyboard in Resources */,
			);
			runOnlyForDeploymentPostprocessing = 0;
		};
		C7CCC4231CD701A6005FA5FF /* Resources */ = {
			isa = PBXResourcesBuildPhase;
			buildActionMask = 2147483647;
			files = (
			);
			runOnlyForDeploymentPostprocessing = 0;
		};
		C7CCC42E1CD701A6005FA5FF /* Resources */ = {
			isa = PBXResourcesBuildPhase;
			buildActionMask = 2147483647;
			files = (
			);
			runOnlyForDeploymentPostprocessing = 0;
		};
/* End PBXResourcesBuildPhase section */

/* Begin PBXSourcesBuildPhase section */
		C7CCC4051CD701A5005FA5FF /* Sources */ = {
			isa = PBXSourcesBuildPhase;
			buildActionMask = 2147483647;
			files = (
				C7CCC4141CD701A5005FA5FF /* ViewController.m in Sources */,
				C7CCC41A1CD701A5005FA5FF /* BubblePop.xcdatamodeld in Sources */,
				C7CCC4441CD70265005FA5FF /* Bubble.m in Sources */,
				C7CCC4111CD701A5005FA5FF /* AppDelegate.m in Sources */,
				C7CCC4471CD704F7005FA5FF /* Player.m in Sources */,
				C7CCC44A1CD70873005FA5FF /* Game.m in Sources */,
				C7CCC40E1CD701A5005FA5FF /* main.m in Sources */,
			);
			runOnlyForDeploymentPostprocessing = 0;
		};
		C7CCC4211CD701A6005FA5FF /* Sources */ = {
			isa = PBXSourcesBuildPhase;
			buildActionMask = 2147483647;
			files = (
				C7CCC42A1CD701A6005FA5FF /* BubblePopTests.m in Sources */,
			);
			runOnlyForDeploymentPostprocessing = 0;
		};
		C7CCC42C1CD701A6005FA5FF /* Sources */ = {
			isa = PBXSourcesBuildPhase;
			buildActionMask = 2147483647;
			files = (
				C7CCC4351CD701A6005FA5FF /* BubblePopUITests.m in Sources */,
			);
			runOnlyForDeploymentPostprocessing = 0;
		};
/* End PBXSourcesBuildPhase section */

/* Begin PBXTargetDependency section */
		C7CCC4271CD701A6005FA5FF /* PBXTargetDependency */ = {
			isa = PBXTargetDependency;
			target = C7CCC4081CD701A5005FA5FF /* BubblePop */;
			targetProxy = C7CCC4261CD701A6005FA5FF /* PBXContainerItemProxy */;
		};
		C7CCC4321CD701A6005FA5FF /* PBXTargetDependency */ = {
			isa = PBXTargetDependency;
			target = C7CCC4081CD701A5005FA5FF /* BubblePop */;
			targetProxy = C7CCC4311CD701A6005FA5FF /* PBXContainerItemProxy */;
		};
/* End PBXTargetDependency section */

/* Begin PBXVariantGroup section */
		C7CCC4151CD701A5005FA5FF /* Main.storyboard */ = {
			isa = PBXVariantGroup;
			children = (
				C7CCC4161CD701A5005FA5FF /* Base */,
			);
			name = Main.storyboard;
			sourceTree = "<group>";
		};
		C7CCC41D1CD701A5005FA5FF /* LaunchScreen.storyboard */ = {
			isa = PBXVariantGroup;
			children = (
				C7CCC41E1CD701A5005FA5FF /* Base */,
			);
			name = LaunchScreen.storyboard;
			sourceTree = "<group>";
		};
/* End PBXVariantGroup section */

/* Begin XCBuildConfiguration section */
		C7CCC4371CD701A6005FA5FF /* Debug */ = {
			isa = XCBuildConfiguration;
			buildSettings = {
				ALWAYS_SEARCH_USER_PATHS = NO;
				CLANG_ANALYZER_NONNULL = YES;
				CLANG_CXX_LANGUAGE_STANDARD = "gnu++0x";
				CLANG_CXX_LIBRARY = "libc++";
				CLANG_ENABLE_MODULES = YES;
				CLANG_ENABLE_OBJC_ARC = YES;
				CLANG_WARN_BOOL_CONVERSION = YES;
				CLANG_WARN_CONSTANT_CONVERSION = YES;
				CLANG_WARN_DIRECT_OBJC_ISA_USAGE = YES_ERROR;
				CLANG_WARN_EMPTY_BODY = YES;
				CLANG_WARN_ENUM_CONVERSION = YES;
				CLANG_WARN_INT_CONVERSION = YES;
				CLANG_WARN_OBJC_ROOT_CLASS = YES_ERROR;
				CLANG_WARN_UNREACHABLE_CODE = YES;
				CLANG_WARN__DUPLICATE_METHOD_MATCH = YES;
				"CODE_SIGN_IDENTITY[sdk=iphoneos*]" = "iPhone Developer";
				COPY_PHASE_STRIP = NO;
				DEBUG_INFORMATION_FORMAT = dwarf;
				ENABLE_STRICT_OBJC_MSGSEND = YES;
				ENABLE_TESTABILITY = YES;
				GCC_C_LANGUAGE_STANDARD = gnu99;
				GCC_DYNAMIC_NO_PIC = NO;
				GCC_NO_COMMON_BLOCKS = YES;
				GCC_OPTIMIZATION_LEVEL = 0;
				GCC_PREPROCESSOR_DEFINITIONS = (
					"DEBUG=1",
					"$(inherited)",
				);
				GCC_WARN_64_TO_32_BIT_CONVERSION = YES;
				GCC_WARN_ABOUT_RETURN_TYPE = YES_ERROR;
				GCC_WARN_UNDECLARED_SELECTOR = YES;
				GCC_WARN_UNINITIALIZED_AUTOS = YES_AGGRESSIVE;
				GCC_WARN_UNUSED_FUNCTION = YES;
				GCC_WARN_UNUSED_VARIABLE = YES;
				IPHONEOS_DEPLOYMENT_TARGET = 9.3;
				MTL_ENABLE_DEBUG_INFO = YES;
				ONLY_ACTIVE_ARCH = YES;
				SDKROOT = iphoneos;
			};
			name = Debug;
		};
		C7CCC4381CD701A6005FA5FF /* Release */ = {
			isa = XCBuildConfiguration;
			buildSettings = {
				ALWAYS_SEARCH_USER_PATHS = NO;
				CLANG_ANALYZER_NONNULL = YES;
				CLANG_CXX_LANGUAGE_STANDARD = "gnu++0x";
				CLANG_CXX_LIBRARY = "libc++";
				CLANG_ENABLE_MODULES = YES;
				CLANG_ENABLE_OBJC_ARC = YES;
				CLANG_WARN_BOOL_CONVERSION = YES;
				CLANG_WARN_CONSTANT_CONVERSION = YES;
				CLANG_WARN_DIRECT_OBJC_ISA_USAGE = YES_ERROR;
				CLANG_WARN_EMPTY_BODY = YES;
				CLANG_WARN_ENUM_CONVERSION = YES;
				CLANG_WARN_INT_CONVERSION = YES;
				CLANG_WARN_OBJC_ROOT_CLASS = YES_ERROR;
				CLANG_WARN_UNREACHABLE_CODE = YES;
				CLANG_WARN__DUPLICATE_METHOD_MATCH = YES;
				"CODE_SIGN_IDENTITY[sdk=iphoneos*]" = "iPhone Developer";
				COPY_PHASE_STRIP = NO;
				DEBUG_INFORMATION_FORMAT = "dwarf-with-dsym";
				ENABLE_NS_ASSERTIONS = NO;
				ENABLE_STRICT_OBJC_MSGSEND = YES;
				GCC_C_LANGUAGE_STANDARD = gnu99;
				GCC_NO_COMMON_BLOCKS = YES;
				GCC_WARN_64_TO_32_BIT_CONVERSION = YES;
				GCC_WARN_ABOUT_RETURN_TYPE = YES_ERROR;
				GCC_WARN_UNDECLARED_SELECTOR = YES;
				GCC_WARN_UNINITIALIZED_AUTOS = YES_AGGRESSIVE;
				GCC_WARN_UNUSED_FUNCTION = YES;
				GCC_WARN_UNUSED_VARIABLE = YES;
				IPHONEOS_DEPLOYMENT_TARGET = 9.3;
				MTL_ENABLE_DEBUG_INFO = NO;
				SDKROOT = iphoneos;
				VALIDATE_PRODUCT = YES;
			};
			name = Release;
		};
		C7CCC43A1CD701A6005FA5FF /* Debug */ = {
			isa = XCBuildConfiguration;
			buildSettings = {
				ASSETCATALOG_COMPILER_APPICON_NAME = AppIcon;
				INFOPLIST_FILE = BubblePop/Info.plist;
				LD_RUNPATH_SEARCH_PATHS = "$(inherited) @executable_path/Frameworks";
				PRODUCT_BUNDLE_IDENTIFIER = com.hchoang.BubblePop;
				PRODUCT_NAME = "$(TARGET_NAME)";
			};
			name = Debug;
		};
		C7CCC43B1CD701A6005FA5FF /* Release */ = {
			isa = XCBuildConfiguration;
			buildSettings = {
				ASSETCATALOG_COMPILER_APPICON_NAME = AppIcon;
				INFOPLIST_FILE = BubblePop/Info.plist;
				LD_RUNPATH_SEARCH_PATHS = "$(inherited) @executable_path/Frameworks";
				PRODUCT_BUNDLE_IDENTIFIER = com.hchoang.BubblePop;
				PRODUCT_NAME = "$(TARGET_NAME)";
			};
			name = Release;
		};
		C7CCC43D1CD701A6005FA5FF /* Debug */ = {
			isa = XCBuildConfiguration;
			buildSettings = {
				BUNDLE_LOADER = "$(TEST_HOST)";
				INFOPLIST_FILE = BubblePopTests/Info.plist;
				LD_RUNPATH_SEARCH_PATHS = "$(inherited) @executable_path/Frameworks @loader_path/Frameworks";
				PRODUCT_BUNDLE_IDENTIFIER = com.hchoang.BubblePopTests;
				PRODUCT_NAME = "$(TARGET_NAME)";
				TEST_HOST = "$(BUILT_PRODUCTS_DIR)/BubblePop.app/BubblePop";
			};
			name = Debug;
		};
		C7CCC43E1CD701A6005FA5FF /* Release */ = {
			isa = XCBuildConfiguration;
			buildSettings = {
				BUNDLE_LOADER = "$(TEST_HOST)";
				INFOPLIST_FILE = BubblePopTests/Info.plist;
				LD_RUNPATH_SEARCH_PATHS = "$(inherited) @executable_path/Frameworks @loader_path/Frameworks";
				PRODUCT_BUNDLE_IDENTIFIER = com.hchoang.BubblePopTests;
				PRODUCT_NAME = "$(TARGET_NAME)";
				TEST_HOST = "$(BUILT_PRODUCTS_DIR)/BubblePop.app/BubblePop";
			};
			name = Release;
		};
		C7CCC4401CD701A6005FA5FF /* Debug */ = {
			isa = XCBuildConfiguration;
			buildSettings = {
				INFOPLIST_FILE = BubblePopUITests/Info.plist;
				LD_RUNPATH_SEARCH_PATHS = "$(inherited) @executable_path/Frameworks @loader_path/Frameworks";
				PRODUCT_BUNDLE_IDENTIFIER = com.hchoang.BubblePopUITests;
				PRODUCT_NAME = "$(TARGET_NAME)";
				TEST_TARGET_NAME = BubblePop;
			};
			name = Debug;
		};
		C7CCC4411CD701A6005FA5FF /* Release */ = {
			isa = XCBuildConfiguration;
			buildSettings = {
				INFOPLIST_FILE = BubblePopUITests/Info.plist;
				LD_RUNPATH_SEARCH_PATHS = "$(inherited) @executable_path/Frameworks @loader_path/Frameworks";
				PRODUCT_BUNDLE_IDENTIFIER = com.hchoang.BubblePopUITests;
				PRODUCT_NAME = "$(TARGET_NAME)";
				TEST_TARGET_NAME = BubblePop;
			};
			name = Release;
		};
/* End XCBuildConfiguration section */

/* Begin XCConfigurationList section */
		C7CCC4041CD701A5005FA5FF /* Build configuration list for PBXProject "BubblePop" */ = {
			isa = XCConfigurationList;
			buildConfigurations = (
				C7CCC4371CD701A6005FA5FF /* Debug */,
				C7CCC4381CD701A6005FA5FF /* Release */,
			);
			defaultConfigurationIsVisible = 0;
			defaultConfigurationName = Release;
		};
		C7CCC4391CD701A6005FA5FF /* Build configuration list for PBXNativeTarget "BubblePop" */ = {
			isa = XCConfigurationList;
			buildConfigurations = (
				C7CCC43A1CD701A6005FA5FF /* Debug */,
				C7CCC43B1CD701A6005FA5FF /* Release */,
			);
			defaultConfigurationIsVisible = 0;
		};
		C7CCC43C1CD701A6005FA5FF /* Build configuration list for PBXNativeTarget "BubblePopTests" */ = {
			isa = XCConfigurationList;
			buildConfigurations = (
				C7CCC43D1CD701A6005FA5FF /* Debug */,
				C7CCC43E1CD701A6005FA5FF /* Release */,
			);
			defaultConfigurationIsVisible = 0;
		};
		C7CCC43F1CD701A6005FA5FF /* Build configuration list for PBXNativeTarget "BubblePopUITests" */ = {
			isa = XCConfigurationList;
			buildConfigurations = (
				C7CCC4401CD701A6005FA5FF /* Debug */,
				C7CCC4411CD701A6005FA5FF /* Release */,
			);
			defaultConfigurationIsVisible = 0;
		};
/* End XCConfigurationList section */

/* Begin XCVersionGroup section */
		C7CCC4181CD701A5005FA5FF /* BubblePop.xcdatamodeld */ = {
			isa = XCVersionGroup;
			children = (
				C7CCC4191CD701A5005FA5FF /* BubblePop.xcdatamodel */,
			);
			currentVersion = C7CCC4191CD701A5005FA5FF /* BubblePop.xcdatamodel */;
			path = BubblePop.xcdatamodeld;
			sourceTree = "<group>";
			versionGroupType = wrapper.xcdatamodel;
		};
/* End XCVersionGroup section */
	};
	rootObject = C7CCC4011CD701A5005FA5FF /* Project object */;
}
